
Microsoft Visual Studio Solution File, Format Version 12.00
Project("{FAE04EC0-301F-11D3-BF4B-00C04F79EFBC}") = "Kol2", "Kol2\Kol2.csproj", "{97EC6EBD-9F8B-487D-AB9F-313DC162D00B}"
EndProject
Project("{2150E333-8FDC-42A3-9474-1A3956D46DE8}") = "Solution Items", "Solution Items", "{6237D6D7-4D27-46A7-AFAA-DA4D45D474DE}"
	ProjectSection(SolutionItems) = preProject
		docker-compose.yml = docker-compose.yml
	EndProjectSection
EndProject
Global
	GlobalSection(SolutionConfigurationPlatforms) = preSolution
		Debug|Any CPU = Debug|Any CPU
		Release|Any CPU = Release|Any CPU
	EndGlobalSection
	GlobalSection(ProjectConfigurationPlatforms) = postSolution
		{97EC6EBD-9F8B-487D-AB9F-313DC162D00B}.Debug|Any CPU.ActiveCfg = Debug|Any CPU
		{97EC6EBD-9F8B-487D-AB9F-313DC162D00B}.Debug|Any CPU.Build.0 = Debug|Any CPU
		{97EC6EBD-9F8B-487D-AB9F-313DC162D00B}.Release|Any CPU.ActiveCfg = Release|Any CPU
		{97EC6EBD-9F8B-487D-AB9F-313DC162D00B}.Release|Any CPU.Build.0 = Release|Any CPU
	EndGlobalSection
EndGlobal
